// !$*UTF8*$!
{
	archiveVersion = 1;
	classes = {
	};
	objectVersion = 46;
	objects = {

/* Begin PBXBuildFile section */
		8E0931631D0DA9F800598A51 /* ZYUserTableViewCell.m in Sources */ = {isa = PBXBuildFile; fileRef = 8E0931611D0DA9F800598A51 /* ZYUserTableViewCell.m */; };
		8E0931641D0DA9F800598A51 /* ZYUserTableViewCell.xib in Resources */ = {isa = PBXBuildFile; fileRef = 8E0931621D0DA9F800598A51 /* ZYUserTableViewCell.xib */; };
		8E0936E01D1236F400598A51 /* ZYRecommandUser.m in Sources */ = {isa = PBXBuildFile; fileRef = 8E0936DF1D1236F400598A51 /* ZYRecommandUser.m */; };
		8E6A94B71D02B44900990026 /* AppDelegate.m in Sources */ = {isa = PBXBuildFile; fileRef = 8E6A94921D02B44900990026 /* AppDelegate.m */; };
		8E6A94B81D02B44900990026 /* ZYEssenceViewController.m in Sources */ = {isa = PBXBuildFile; fileRef = 8E6A94961D02B44900990026 /* ZYEssenceViewController.m */; };
		8E6A94B91D02B44900990026 /* ZYfriendTrendsViewController.m in Sources */ = {isa = PBXBuildFile; fileRef = 8E6A949C1D02B44900990026 /* ZYfriendTrendsViewController.m */; };
		8E6A94BA1D02B44900990026 /* ZYmeViewController.m in Sources */ = {isa = PBXBuildFile; fileRef = 8E6A94A21D02B44900990026 /* ZYmeViewController.m */; };
		8E6A94BB1D02B44900990026 /* ZYNewViewController.m in Sources */ = {isa = PBXBuildFile; fileRef = 8E6A94A81D02B44900990026 /* ZYNewViewController.m */; };
		8E6A94BC1D02B44900990026 /* UIBarButtonItem+ZYExtension.m in Sources */ = {isa = PBXBuildFile; fileRef = 8E6A94AE1D02B44900990026 /* UIBarButtonItem+ZYExtension.m */; };
		8E6A94BD1D02B44900990026 /* UIView+ZYExternsion.m in Sources */ = {isa = PBXBuildFile; fileRef = 8E6A94B01D02B44900990026 /* UIView+ZYExternsion.m */; };
		8E6A94BE1D02B44900990026 /* ZYTabBarController.m in Sources */ = {isa = PBXBuildFile; fileRef = 8E6A94B31D02B44900990026 /* ZYTabBarController.m */; };
		8E6A94BF1D02B44900990026 /* ZYTabBar.m in Sources */ = {isa = PBXBuildFile; fileRef = 8E6A94B61D02B44900990026 /* ZYTabBar.m */; };
		8E6A94C11D02BFFC00990026 /* Assets.xcassets in Resources */ = {isa = PBXBuildFile; fileRef = 8E6A94C01D02BFFC00990026 /* Assets.xcassets */; };
		8E6A94C41D02C5C800990026 /* ZYPerson.m in Sources */ = {isa = PBXBuildFile; fileRef = 8E6A94C31D02C5C800990026 /* ZYPerson.m */; };
		8E6A94C71D02D61100990026 /* ZYNavigationController.m in Sources */ = {isa = PBXBuildFile; fileRef = 8E6A94C61D02D61100990026 /* ZYNavigationController.m */; };
		8E6A94CA1D02F1DA00990026 /* ZYTestViewController.m in Sources */ = {isa = PBXBuildFile; fileRef = 8E6A94C91D02F1DA00990026 /* ZYTestViewController.m */; };
		8E6A94CC1D031A1A00990026 /* ZYfriendTrendsViewController.xib in Resources */ = {isa = PBXBuildFile; fileRef = 8E6A94CB1D031A1A00990026 /* ZYfriendTrendsViewController.xib */; };
		8E6A94DC1D031CFA00990026 /* 00.png in Resources */ = {isa = PBXBuildFile; fileRef = 8E6A94CE1D031CFA00990026 /* 00.png */; };
		8E6A94DD1D031CFA00990026 /* 01.png in Resources */ = {isa = PBXBuildFile; fileRef = 8E6A94CF1D031CFA00990026 /* 01.png */; };
		8E6A94DE1D031CFA00990026 /* 02.png in Resources */ = {isa = PBXBuildFile; fileRef = 8E6A94D01D031CFA00990026 /* 02.png */; };
		8E6A94DF1D031CFA00990026 /* 03.png in Resources */ = {isa = PBXBuildFile; fileRef = 8E6A94D11D031CFA00990026 /* 03.png */; };
		8E6A94E01D031CFA00990026 /* 04.png in Resources */ = {isa = PBXBuildFile; fileRef = 8E6A94D21D031CFA00990026 /* 04.png */; };
		8E6A94E11D031CFA00990026 /* 05.png in Resources */ = {isa = PBXBuildFile; fileRef = 8E6A94D31D031CFA00990026 /* 05.png */; };
		8E6A94E21D031CFA00990026 /* 06.png in Resources */ = {isa = PBXBuildFile; fileRef = 8E6A94D41D031CFA00990026 /* 06.png */; };
		8E6A94E31D031CFA00990026 /* 07.png in Resources */ = {isa = PBXBuildFile; fileRef = 8E6A94D51D031CFA00990026 /* 07.png */; };
		8E6A94E41D031CFA00990026 /* 08.png in Resources */ = {isa = PBXBuildFile; fileRef = 8E6A94D61D031CFA00990026 /* 08.png */; };
		8E6A94E51D031CFA00990026 /* 09.png in Resources */ = {isa = PBXBuildFile; fileRef = 8E6A94D71D031CFA00990026 /* 09.png */; };
		8E6A94E61D031CFA00990026 /* 10.png in Resources */ = {isa = PBXBuildFile; fileRef = 8E6A94D81D031CFA00990026 /* 10.png */; };
		8E6A94E71D031CFA00990026 /* 11.png in Resources */ = {isa = PBXBuildFile; fileRef = 8E6A94D91D031CFA00990026 /* 11.png */; };
		8E6A94E81D031CFA00990026 /* 12.png in Resources */ = {isa = PBXBuildFile; fileRef = 8E6A94DA1D031CFA00990026 /* 12.png */; };
		8E6A94E91D031CFA00990026 /* 13.png in Resources */ = {isa = PBXBuildFile; fileRef = 8E6A94DB1D031CFA00990026 /* 13.png */; };
		8EC8E51F1D06CE26006F8339 /* ZYRecommandCategory.m in Sources */ = {isa = PBXBuildFile; fileRef = 8EC8E51E1D06CE26006F8339 /* ZYRecommandCategory.m */; };
		8EC8E5231D06E311006F8339 /* ZYRecommandCategoryTableViewCell.m in Sources */ = {isa = PBXBuildFile; fileRef = 8EC8E5211D06E311006F8339 /* ZYRecommandCategoryTableViewCell.m */; };
		8EC8E5241D06E311006F8339 /* ZYRecommandCategoryTableViewCell.xib in Resources */ = {isa = PBXBuildFile; fileRef = 8EC8E5221D06E311006F8339 /* ZYRecommandCategoryTableViewCell.xib */; };
		8ED4E6A01CFF042900BA7A68 /* main.m in Sources */ = {isa = PBXBuildFile; fileRef = 8ED4E69F1CFF042900BA7A68 /* main.m */; };
		8ED4E6B91CFF042900BA7A68 /* SistersTests.m in Sources */ = {isa = PBXBuildFile; fileRef = 8ED4E6B81CFF042900BA7A68 /* SistersTests.m */; };
		8ED4E6C41CFF042900BA7A68 /* SistersUITests.m in Sources */ = {isa = PBXBuildFile; fileRef = 8ED4E6C31CFF042900BA7A68 /* SistersUITests.m */; };
		8EF13C3D1D044A780057FF52 /* podFile in Resources */ = {isa = PBXBuildFile; fileRef = 8EF13C3C1D044A780057FF52 /* podFile */; };
		8EF13C411D045FFF0057FF52 /* ZYRecommendViewController.m in Sources */ = {isa = PBXBuildFile; fileRef = 8EF13C3F1D045FFF0057FF52 /* ZYRecommendViewController.m */; };
		8EF13C421D045FFF0057FF52 /* ZYRecommendViewController.xib in Resources */ = {isa = PBXBuildFile; fileRef = 8EF13C401D045FFF0057FF52 /* ZYRecommendViewController.xib */; };
		8EF141661D05197B0057FF52 /* SystemConfiguration.framework in Frameworks */ = {isa = PBXBuildFile; fileRef = 8EF141651D05197B0057FF52 /* SystemConfiguration.framework */; };
		8EF141711D0548D60057FF52 /* Foundation+Log.m in Sources */ = {isa = PBXBuildFile; fileRef = 8EF141701D0548D60057FF52 /* Foundation+Log.m */; };
		A4E1C9A5DE266B31B88B0140 /* libPods-Sisters.a in Frameworks */ = {isa = PBXBuildFile; fileRef = 37930DE084A26224BE0C0384 /* libPods-Sisters.a */; };
/* End PBXBuildFile section */

/* Begin PBXContainerItemProxy section */
		8ED4E6B51CFF042900BA7A68 /* PBXContainerItemProxy */ = {
			isa = PBXContainerItemProxy;
			containerPortal = 8ED4E6931CFF042900BA7A68 /* Project object */;
			proxyType = 1;
			remoteGlobalIDString = 8ED4E69A1CFF042900BA7A68;
			remoteInfo = Sisters;
		};
		8ED4E6C01CFF042900BA7A68 /* PBXContainerItemProxy */ = {
			isa = PBXContainerItemProxy;
			containerPortal = 8ED4E6931CFF042900BA7A68 /* Project object */;
			proxyType = 1;
			remoteGlobalIDString = 8ED4E69A1CFF042900BA7A68;
			remoteInfo = Sisters;
		};
/* End PBXContainerItemProxy section */

/* Begin PBXFileReference section */
		1C706503FF9EE049686B18A0 /* Pods-Sisters.release.xcconfig */ = {isa = PBXFileReference; includeInIndex = 1; lastKnownFileType = text.xcconfig; name = "Pods-Sisters.release.xcconfig"; path = "Pods/Target Support Files/Pods-Sisters/Pods-Sisters.release.xcconfig"; sourceTree = "<group>"; };
		37930DE084A26224BE0C0384 /* libPods-Sisters.a */ = {isa = PBXFileReference; explicitFileType = archive.ar; includeInIndex = 0; path = "libPods-Sisters.a"; sourceTree = BUILT_PRODUCTS_DIR; };
		8E0931601D0DA9F800598A51 /* ZYUserTableViewCell.h */ = {isa = PBXFileReference; fileEncoding = 4; lastKnownFileType = sourcecode.c.h; path = ZYUserTableViewCell.h; sourceTree = "<group>"; };
		8E0931611D0DA9F800598A51 /* ZYUserTableViewCell.m */ = {isa = PBXFileReference; fileEncoding = 4; lastKnownFileType = sourcecode.c.objc; path = ZYUserTableViewCell.m; sourceTree = "<group>"; };
		8E0931621D0DA9F800598A51 /* ZYUserTableViewCell.xib */ = {isa = PBXFileReference; fileEncoding = 4; lastKnownFileType = file.xib; path = ZYUserTableViewCell.xib; sourceTree = "<group>"; };
		8E0936DE1D1236F400598A51 /* ZYRecommandUser.h */ = {isa = PBXFileReference; fileEncoding = 4; lastKnownFileType = sourcecode.c.h; path = ZYRecommandUser.h; sourceTree = "<group>"; };
		8E0936DF1D1236F400598A51 /* ZYRecommandUser.m */ = {isa = PBXFileReference; fileEncoding = 4; lastKnownFileType = sourcecode.c.objc; path = ZYRecommandUser.m; sourceTree = "<group>"; };
		8E6A94911D02B44900990026 /* AppDelegate.h */ = {isa = PBXFileReference; fileEncoding = 4; lastKnownFileType = sourcecode.c.h; path = AppDelegate.h; sourceTree = "<group>"; };
		8E6A94921D02B44900990026 /* AppDelegate.m */ = {isa = PBXFileReference; fileEncoding = 4; lastKnownFileType = sourcecode.c.objc; path = AppDelegate.m; sourceTree = "<group>"; };
		8E6A94951D02B44900990026 /* ZYEssenceViewController.h */ = {isa = PBXFileReference; fileEncoding = 4; lastKnownFileType = sourcecode.c.h; path = ZYEssenceViewController.h; sourceTree = "<group>"; };
		8E6A94961D02B44900990026 /* ZYEssenceViewController.m */ = {isa = PBXFileReference; fileEncoding = 4; lastKnownFileType = sourcecode.c.objc; path = ZYEssenceViewController.m; sourceTree = "<group>"; };
		8E6A949B1D02B44900990026 /* ZYfriendTrendsViewController.h */ = {isa = PBXFileReference; fileEncoding = 4; lastKnownFileType = sourcecode.c.h; path = ZYfriendTrendsViewController.h; sourceTree = "<group>"; };
		8E6A949C1D02B44900990026 /* ZYfriendTrendsViewController.m */ = {isa = PBXFileReference; fileEncoding = 4; lastKnownFileType = sourcecode.c.objc; path = ZYfriendTrendsViewController.m; sourceTree = "<group>"; };
		8E6A94A11D02B44900990026 /* ZYmeViewController.h */ = {isa = PBXFileReference; fileEncoding = 4; lastKnownFileType = sourcecode.c.h; path = ZYmeViewController.h; sourceTree = "<group>"; };
		8E6A94A21D02B44900990026 /* ZYmeViewController.m */ = {isa = PBXFileReference; fileEncoding = 4; lastKnownFileType = sourcecode.c.objc; path = ZYmeViewController.m; sourceTree = "<group>"; };
		8E6A94A71D02B44900990026 /* ZYNewViewController.h */ = {isa = PBXFileReference; fileEncoding = 4; lastKnownFileType = sourcecode.c.h; path = ZYNewViewController.h; sourceTree = "<group>"; };
		8E6A94A81D02B44900990026 /* ZYNewViewController.m */ = {isa = PBXFileReference; fileEncoding = 4; lastKnownFileType = sourcecode.c.objc; path = ZYNewViewController.m; sourceTree = "<group>"; };
		8E6A94AD1D02B44900990026 /* UIBarButtonItem+ZYExtension.h */ = {isa = PBXFileReference; fileEncoding = 4; lastKnownFileType = sourcecode.c.h; path = "UIBarButtonItem+ZYExtension.h"; sourceTree = "<group>"; };
		8E6A94AE1D02B44900990026 /* UIBarButtonItem+ZYExtension.m */ = {isa = PBXFileReference; fileEncoding = 4; lastKnownFileType = sourcecode.c.objc; path = "UIBarButtonItem+ZYExtension.m"; sourceTree = "<group>"; };
		8E6A94AF1D02B44900990026 /* UIView+ZYExternsion.h */ = {isa = PBXFileReference; fileEncoding = 4; lastKnownFileType = sourcecode.c.h; path = "UIView+ZYExternsion.h"; sourceTree = "<group>"; };
		8E6A94B01D02B44900990026 /* UIView+ZYExternsion.m */ = {isa = PBXFileReference; fileEncoding = 4; lastKnownFileType = sourcecode.c.objc; path = "UIView+ZYExternsion.m"; sourceTree = "<group>"; };
		8E6A94B21D02B44900990026 /* ZYTabBarController.h */ = {isa = PBXFileReference; fileEncoding = 4; lastKnownFileType = sourcecode.c.h; path = ZYTabBarController.h; sourceTree = "<group>"; };
		8E6A94B31D02B44900990026 /* ZYTabBarController.m */ = {isa = PBXFileReference; fileEncoding = 4; lastKnownFileType = sourcecode.c.objc; path = ZYTabBarController.m; sourceTree = "<group>"; };
		8E6A94B51D02B44900990026 /* ZYTabBar.h */ = {isa = PBXFileReference; fileEncoding = 4; lastKnownFileType = sourcecode.c.h; path = ZYTabBar.h; sourceTree = "<group>"; };
		8E6A94B61D02B44900990026 /* ZYTabBar.m */ = {isa = PBXFileReference; fileEncoding = 4; lastKnownFileType = sourcecode.c.objc; path = ZYTabBar.m; sourceTree = "<group>"; };
		8E6A94C01D02BFFC00990026 /* Assets.xcassets */ = {isa = PBXFileReference; lastKnownFileType = folder.assetcatalog; path = Assets.xcassets; sourceTree = "<group>"; };
		8E6A94C21D02C5C800990026 /* ZYPerson.h */ = {isa = PBXFileReference; fileEncoding = 4; lastKnownFileType = sourcecode.c.h; path = ZYPerson.h; sourceTree = "<group>"; };
		8E6A94C31D02C5C800990026 /* ZYPerson.m */ = {isa = PBXFileReference; fileEncoding = 4; lastKnownFileType = sourcecode.c.objc; path = ZYPerson.m; sourceTree = "<group>"; };
		8E6A94C51D02D61100990026 /* ZYNavigationController.h */ = {isa = PBXFileReference; fileEncoding = 4; lastKnownFileType = sourcecode.c.h; path = ZYNavigationController.h; sourceTree = "<group>"; };
		8E6A94C61D02D61100990026 /* ZYNavigationController.m */ = {isa = PBXFileReference; fileEncoding = 4; lastKnownFileType = sourcecode.c.objc; path = ZYNavigationController.m; sourceTree = "<group>"; };
		8E6A94C81D02F1DA00990026 /* ZYTestViewController.h */ = {isa = PBXFileReference; fileEncoding = 4; lastKnownFileType = sourcecode.c.h; path = ZYTestViewController.h; sourceTree = "<group>"; };
		8E6A94C91D02F1DA00990026 /* ZYTestViewController.m */ = {isa = PBXFileReference; fileEncoding = 4; lastKnownFileType = sourcecode.c.objc; path = ZYTestViewController.m; sourceTree = "<group>"; };
		8E6A94CB1D031A1A00990026 /* ZYfriendTrendsViewController.xib */ = {isa = PBXFileReference; fileEncoding = 4; lastKnownFileType = file.xib; path = ZYfriendTrendsViewController.xib; sourceTree = "<group>"; };
		8E6A94CE1D031CFA00990026 /* 00.png */ = {isa = PBXFileReference; lastKnownFileType = image.png; path = 00.png; sourceTree = "<group>"; };
		8E6A94CF1D031CFA00990026 /* 01.png */ = {isa = PBXFileReference; lastKnownFileType = image.png; path = 01.png; sourceTree = "<group>"; };
		8E6A94D01D031CFA00990026 /* 02.png */ = {isa = PBXFileReference; lastKnownFileType = image.png; path = 02.png; sourceTree = "<group>"; };
		8E6A94D11D031CFA00990026 /* 03.png */ = {isa = PBXFileReference; lastKnownFileType = image.png; path = 03.png; sourceTree = "<group>"; };
		8E6A94D21D031CFA00990026 /* 04.png */ = {isa = PBXFileReference; lastKnownFileType = image.png; path = 04.png; sourceTree = "<group>"; };
		8E6A94D31D031CFA00990026 /* 05.png */ = {isa = PBXFileReference; lastKnownFileType = image.png; path = 05.png; sourceTree = "<group>"; };
		8E6A94D41D031CFA00990026 /* 06.png */ = {isa = PBXFileReference; lastKnownFileType = image.png; path = 06.png; sourceTree = "<group>"; };
		8E6A94D51D031CFA00990026 /* 07.png */ = {isa = PBXFileReference; lastKnownFileType = image.png; path = 07.png; sourceTree = "<group>"; };
		8E6A94D61D031CFA00990026 /* 08.png */ = {isa = PBXFileReference; lastKnownFileType = image.png; path = 08.png; sourceTree = "<group>"; };
		8E6A94D71D031CFA00990026 /* 09.png */ = {isa = PBXFileReference; lastKnownFileType = image.png; path = 09.png; sourceTree = "<group>"; };
		8E6A94D81D031CFA00990026 /* 10.png */ = {isa = PBXFileReference; lastKnownFileType = image.png; path = 10.png; sourceTree = "<group>"; };
		8E6A94D91D031CFA00990026 /* 11.png */ = {isa = PBXFileReference; lastKnownFileType = image.png; path = 11.png; sourceTree = "<group>"; };
		8E6A94DA1D031CFA00990026 /* 12.png */ = {isa = PBXFileReference; lastKnownFileType = image.png; path = 12.png; sourceTree = "<group>"; };
		8E6A94DB1D031CFA00990026 /* 13.png */ = {isa = PBXFileReference; lastKnownFileType = image.png; path = 13.png; sourceTree = "<group>"; };
		8EC8E51D1D06CE26006F8339 /* ZYRecommandCategory.h */ = {isa = PBXFileReference; fileEncoding = 4; lastKnownFileType = sourcecode.c.h; name = ZYRecommandCategory.h; path = ../Controller/ZYRecommandCategory.h; sourceTree = "<group>"; };
		8EC8E51E1D06CE26006F8339 /* ZYRecommandCategory.m */ = {isa = PBXFileReference; fileEncoding = 4; lastKnownFileType = sourcecode.c.objc; name = ZYRecommandCategory.m; path = ../Controller/ZYRecommandCategory.m; sourceTree = "<group>"; };
		8EC8E5201D06E311006F8339 /* ZYRecommandCategoryTableViewCell.h */ = {isa = PBXFileReference; fileEncoding = 4; lastKnownFileType = sourcecode.c.h; path = ZYRecommandCategoryTableViewCell.h; sourceTree = "<group>"; };
		8EC8E5211D06E311006F8339 /* ZYRecommandCategoryTableViewCell.m */ = {isa = PBXFileReference; fileEncoding = 4; lastKnownFileType = sourcecode.c.objc; path = ZYRecommandCategoryTableViewCell.m; sourceTree = "<group>"; };
		8EC8E5221D06E311006F8339 /* ZYRecommandCategoryTableViewCell.xib */ = {isa = PBXFileReference; fileEncoding = 4; lastKnownFileType = file.xib; path = ZYRecommandCategoryTableViewCell.xib; sourceTree = "<group>"; };
		8ED4E69B1CFF042900BA7A68 /* Sisters.app */ = {isa = PBXFileReference; explicitFileType = wrapper.application; includeInIndex = 0; path = Sisters.app; sourceTree = BUILT_PRODUCTS_DIR; };
		8ED4E69F1CFF042900BA7A68 /* main.m */ = {isa = PBXFileReference; lastKnownFileType = sourcecode.c.objc; path = main.m; sourceTree = "<group>"; };
		8ED4E6AF1CFF042900BA7A68 /* Info.plist */ = {isa = PBXFileReference; lastKnownFileType = text.plist.xml; path = Info.plist; sourceTree = "<group>"; };
		8ED4E6B41CFF042900BA7A68 /* SistersTests.xctest */ = {isa = PBXFileReference; explicitFileType = wrapper.cfbundle; includeInIndex = 0; path = SistersTests.xctest; sourceTree = BUILT_PRODUCTS_DIR; };
		8ED4E6B81CFF042900BA7A68 /* SistersTests.m */ = {isa = PBXFileReference; lastKnownFileType = sourcecode.c.objc; path = SistersTests.m; sourceTree = "<group>"; };
		8ED4E6BA1CFF042900BA7A68 /* Info.plist */ = {isa = PBXFileReference; lastKnownFileType = text.plist.xml; path = Info.plist; sourceTree = "<group>"; };
		8ED4E6BF1CFF042900BA7A68 /* SistersUITests.xctest */ = {isa = PBXFileReference; explicitFileType = wrapper.cfbundle; includeInIndex = 0; path = SistersUITests.xctest; sourceTree = BUILT_PRODUCTS_DIR; };
		8ED4E6C31CFF042900BA7A68 /* SistersUITests.m */ = {isa = PBXFileReference; lastKnownFileType = sourcecode.c.objc; path = SistersUITests.m; sourceTree = "<group>"; };
		8ED4E6C51CFF042900BA7A68 /* Info.plist */ = {isa = PBXFileReference; lastKnownFileType = text.plist.xml; path = Info.plist; sourceTree = "<group>"; };
		8EE42FCC1D01BBE70029B26F /* PrefixHeaderVIew.pch */ = {isa = PBXFileReference; lastKnownFileType = sourcecode.c.h; path = PrefixHeaderVIew.pch; sourceTree = "<group>"; };
		8EF13C3C1D044A780057FF52 /* podFile */ = {isa = PBXFileReference; fileEncoding = 4; lastKnownFileType = text; path = podFile; sourceTree = "<group>"; };
		8EF13C3E1D045FFF0057FF52 /* ZYRecommendViewController.h */ = {isa = PBXFileReference; fileEncoding = 4; lastKnownFileType = sourcecode.c.h; path = ZYRecommendViewController.h; sourceTree = "<group>"; };
		8EF13C3F1D045FFF0057FF52 /* ZYRecommendViewController.m */ = {isa = PBXFileReference; fileEncoding = 4; lastKnownFileType = sourcecode.c.objc; path = ZYRecommendViewController.m; sourceTree = "<group>"; };
		8EF13C401D045FFF0057FF52 /* ZYRecommendViewController.xib */ = {isa = PBXFileReference; fileEncoding = 4; lastKnownFileType = file.xib; path = ZYRecommendViewController.xib; sourceTree = "<group>"; };
		8EF141651D05197B0057FF52 /* SystemConfiguration.framework */ = {isa = PBXFileReference; lastKnownFileType = wrapper.framework; name = SystemConfiguration.framework; path = System/Library/Frameworks/SystemConfiguration.framework; sourceTree = SDKROOT; };
		8EF141701D0548D60057FF52 /* Foundation+Log.m */ = {isa = PBXFileReference; fileEncoding = 4; lastKnownFileType = sourcecode.c.objc; name = "Foundation+Log.m"; path = "FriendTrends-关注/Controller/Foundation+Log.m"; sourceTree = "<group>"; };
		9E5318D509C5996E318AA242 /* Pods-Sisters.debug.xcconfig */ = {isa = PBXFileReference; includeInIndex = 1; lastKnownFileType = text.xcconfig; name = "Pods-Sisters.debug.xcconfig"; path = "Pods/Target Support Files/Pods-Sisters/Pods-Sisters.debug.xcconfig"; sourceTree = "<group>"; };
/* End PBXFileReference section */

/* Begin PBXFrameworksBuildPhase section */
		8ED4E6981CFF042900BA7A68 /* Frameworks */ = {
			isa = PBXFrameworksBuildPhase;
			buildActionMask = 2147483647;
			files = (
				8EF141661D05197B0057FF52 /* SystemConfiguration.framework in Frameworks */,
				A4E1C9A5DE266B31B88B0140 /* libPods-Sisters.a in Frameworks */,
			);
			runOnlyForDeploymentPostprocessing = 0;
		};
		8ED4E6B11CFF042900BA7A68 /* Frameworks */ = {
			isa = PBXFrameworksBuildPhase;
			buildActionMask = 2147483647;
			files = (
			);
			runOnlyForDeploymentPostprocessing = 0;
		};
		8ED4E6BC1CFF042900BA7A68 /* Frameworks */ = {
			isa = PBXFrameworksBuildPhase;
			buildActionMask = 2147483647;
			files = (
			);
			runOnlyForDeploymentPostprocessing = 0;
		};
/* End PBXFrameworksBuildPhase section */

/* Begin PBXGroup section */
		8E6A94901D02B44900990026 /* Class */ = {
			isa = PBXGroup;
			children = (
				8E6A94911D02B44900990026 /* AppDelegate.h */,
				8E6A94921D02B44900990026 /* AppDelegate.m */,
				8EF141701D0548D60057FF52 /* Foundation+Log.m */,
				8E6A94931D02B44900990026 /* Essence-精华 */,
				8E6A94991D02B44900990026 /* FriendTrends-关注 */,
				8E6A949F1D02B44900990026 /* Me-我 */,
				8E6A94A51D02B44900990026 /* New-新帖 */,
				8E6A94AB1D02B44900990026 /* Other */,
			);
			path = Class;
			sourceTree = "<group>";
		};
		8E6A94931D02B44900990026 /* Essence-精华 */ = {
			isa = PBXGroup;
			children = (
				8E6A94941D02B44900990026 /* Controller */,
				8E6A94971D02B44900990026 /* Model */,
				8E6A94981D02B44900990026 /* View */,
			);
			path = "Essence-精华";
			sourceTree = "<group>";
		};
		8E6A94941D02B44900990026 /* Controller */ = {
			isa = PBXGroup;
			children = (
				8E6A94951D02B44900990026 /* ZYEssenceViewController.h */,
				8E6A94961D02B44900990026 /* ZYEssenceViewController.m */,
			);
			path = Controller;
			sourceTree = "<group>";
		};
		8E6A94971D02B44900990026 /* Model */ = {
			isa = PBXGroup;
			children = (
			);
			path = Model;
			sourceTree = "<group>";
		};
		8E6A94981D02B44900990026 /* View */ = {
			isa = PBXGroup;
			children = (
			);
			path = View;
			sourceTree = "<group>";
		};
		8E6A94991D02B44900990026 /* FriendTrends-关注 */ = {
			isa = PBXGroup;
			children = (
				8E6A949A1D02B44900990026 /* Controller */,
				8E6A949D1D02B44900990026 /* Model */,
				8E6A949E1D02B44900990026 /* View */,
			);
			path = "FriendTrends-关注";
			sourceTree = "<group>";
		};
		8E6A949A1D02B44900990026 /* Controller */ = {
			isa = PBXGroup;
			children = (
				8E6A949C1D02B44900990026 /* ZYfriendTrendsViewController.m */,
				8E6A949B1D02B44900990026 /* ZYfriendTrendsViewController.h */,
				8E6A94CB1D031A1A00990026 /* ZYfriendTrendsViewController.xib */,
				8EF13C3E1D045FFF0057FF52 /* ZYRecommendViewController.h */,
				8EF13C3F1D045FFF0057FF52 /* ZYRecommendViewController.m */,
				8EF13C401D045FFF0057FF52 /* ZYRecommendViewController.xib */,
			);
			path = Controller;
			sourceTree = "<group>";
		};
		8E6A949D1D02B44900990026 /* Model */ = {
			isa = PBXGroup;
			children = (
				8EC8E51D1D06CE26006F8339 /* ZYRecommandCategory.h */,
				8EC8E51E1D06CE26006F8339 /* ZYRecommandCategory.m */,
				8E0936DE1D1236F400598A51 /* ZYRecommandUser.h */,
				8E0936DF1D1236F400598A51 /* ZYRecommandUser.m */,
			);
			path = Model;
			sourceTree = "<group>";
		};
		8E6A949E1D02B44900990026 /* View */ = {
			isa = PBXGroup;
			children = (
				8EC8E5201D06E311006F8339 /* ZYRecommandCategoryTableViewCell.h */,
				8EC8E5211D06E311006F8339 /* ZYRecommandCategoryTableViewCell.m */,
				8EC8E5221D06E311006F8339 /* ZYRecommandCategoryTableViewCell.xib */,
				8E0931601D0DA9F800598A51 /* ZYUserTableViewCell.h */,
				8E0931611D0DA9F800598A51 /* ZYUserTableViewCell.m */,
				8E0931621D0DA9F800598A51 /* ZYUserTableViewCell.xib */,
			);
			path = View;
			sourceTree = "<group>";
		};
		8E6A949F1D02B44900990026 /* Me-我 */ = {
			isa = PBXGroup;
			children = (
				8E6A94A01D02B44900990026 /* Controller */,
				8E6A94A31D02B44900990026 /* Model */,
				8E6A94A41D02B44900990026 /* View */,
			);
			path = "Me-我";
			sourceTree = "<group>";
		};
		8E6A94A01D02B44900990026 /* Controller */ = {
			isa = PBXGroup;
			children = (
				8E6A94A11D02B44900990026 /* ZYmeViewController.h */,
				8E6A94A21D02B44900990026 /* ZYmeViewController.m */,
			);
			path = Controller;
			sourceTree = "<group>";
		};
		8E6A94A31D02B44900990026 /* Model */ = {
			isa = PBXGroup;
			children = (
			);
			path = Model;
			sourceTree = "<group>";
		};
		8E6A94A41D02B44900990026 /* View */ = {
			isa = PBXGroup;
			children = (
			);
			path = View;
			sourceTree = "<group>";
		};
		8E6A94A51D02B44900990026 /* New-新帖 */ = {
			isa = PBXGroup;
			children = (
				8E6A94A61D02B44900990026 /* Controller */,
				8E6A94A91D02B44900990026 /* Model */,
				8E6A94AA1D02B44900990026 /* View */,
			);
			path = "New-新帖";
			sourceTree = "<group>";
		};
		8E6A94A61D02B44900990026 /* Controller */ = {
			isa = PBXGroup;
			children = (
				8E6A94A71D02B44900990026 /* ZYNewViewController.h */,
				8E6A94A81D02B44900990026 /* ZYNewViewController.m */,
				8E6A94C21D02C5C800990026 /* ZYPerson.h */,
				8E6A94C31D02C5C800990026 /* ZYPerson.m */,
			);
			path = Controller;
			sourceTree = "<group>";
		};
		8E6A94A91D02B44900990026 /* Model */ = {
			isa = PBXGroup;
			children = (
			);
			path = Model;
			sourceTree = "<group>";
		};
		8E6A94AA1D02B44900990026 /* View */ = {
			isa = PBXGroup;
			children = (
			);
			path = View;
			sourceTree = "<group>";
		};
		8E6A94AB1D02B44900990026 /* Other */ = {
			isa = PBXGroup;
			children = (
				8E6A94AC1D02B44900990026 /* Category */,
				8E6A94B11D02B44900990026 /* Controller */,
				8E6A94B41D02B44900990026 /* View */,
			);
			path = Other;
			sourceTree = "<group>";
		};
		8E6A94AC1D02B44900990026 /* Category */ = {
			isa = PBXGroup;
			children = (
				8E6A94AD1D02B44900990026 /* UIBarButtonItem+ZYExtension.h */,
				8E6A94AE1D02B44900990026 /* UIBarButtonItem+ZYExtension.m */,
				8E6A94AF1D02B44900990026 /* UIView+ZYExternsion.h */,
				8E6A94B01D02B44900990026 /* UIView+ZYExternsion.m */,
			);
			path = Category;
			sourceTree = "<group>";
		};
		8E6A94B11D02B44900990026 /* Controller */ = {
			isa = PBXGroup;
			children = (
				8E6A94B21D02B44900990026 /* ZYTabBarController.h */,
				8E6A94B31D02B44900990026 /* ZYTabBarController.m */,
				8E6A94C51D02D61100990026 /* ZYNavigationController.h */,
				8E6A94C61D02D61100990026 /* ZYNavigationController.m */,
				8E6A94C81D02F1DA00990026 /* ZYTestViewController.h */,
				8E6A94C91D02F1DA00990026 /* ZYTestViewController.m */,
			);
			path = Controller;
			sourceTree = "<group>";
		};
		8E6A94B41D02B44900990026 /* View */ = {
			isa = PBXGroup;
			children = (
				8E6A94B51D02B44900990026 /* ZYTabBar.h */,
				8E6A94B61D02B44900990026 /* ZYTabBar.m */,
			);
			path = View;
			sourceTree = "<group>";
		};
		8E6A94CD1D031CFA00990026 /* 截图 */ = {
			isa = PBXGroup;
			children = (
				8E6A94CE1D031CFA00990026 /* 00.png */,
				8E6A94CF1D031CFA00990026 /* 01.png */,
				8E6A94D01D031CFA00990026 /* 02.png */,
				8E6A94D11D031CFA00990026 /* 03.png */,
				8E6A94D21D031CFA00990026 /* 04.png */,
				8E6A94D31D031CFA00990026 /* 05.png */,
				8E6A94D41D031CFA00990026 /* 06.png */,
				8E6A94D51D031CFA00990026 /* 07.png */,
				8E6A94D61D031CFA00990026 /* 08.png */,
				8E6A94D71D031CFA00990026 /* 09.png */,
				8E6A94D81D031CFA00990026 /* 10.png */,
				8E6A94D91D031CFA00990026 /* 11.png */,
				8E6A94DA1D031CFA00990026 /* 12.png */,
				8E6A94DB1D031CFA00990026 /* 13.png */,
			);
			path = "截图";
			sourceTree = "<group>";
		};
		8ED4E6921CFF042900BA7A68 = {
			isa = PBXGroup;
			children = (
				8EF13C3C1D044A780057FF52 /* podFile */,
				8ED4E69D1CFF042900BA7A68 /* Sisters */,
				8ED4E6B71CFF042900BA7A68 /* SistersTests */,
				8ED4E6C21CFF042900BA7A68 /* SistersUITests */,
				8ED4E69C1CFF042900BA7A68 /* Products */,
				DB6F03A5AD5D1FBE369A6402 /* Pods */,
				A21957013E6C2F92528A2BD3 /* Frameworks */,
			);
			sourceTree = "<group>";
		};
		8ED4E69C1CFF042900BA7A68 /* Products */ = {
			isa = PBXGroup;
			children = (
				8ED4E69B1CFF042900BA7A68 /* Sisters.app */,
				8ED4E6B41CFF042900BA7A68 /* SistersTests.xctest */,
				8ED4E6BF1CFF042900BA7A68 /* SistersUITests.xctest */,
			);
			name = Products;
			sourceTree = "<group>";
		};
		8ED4E69D1CFF042900BA7A68 /* Sisters */ = {
			isa = PBXGroup;
			children = (
				8E6A94901D02B44900990026 /* Class */,
				8EE42FCC1D01BBE70029B26F /* PrefixHeaderVIew.pch */,
				8ED4E69E1CFF042900BA7A68 /* Supporting Files */,
			);
			path = Sisters;
			sourceTree = "<group>";
		};
		8ED4E69E1CFF042900BA7A68 /* Supporting Files */ = {
			isa = PBXGroup;
			children = (
				8E6A94CD1D031CFA00990026 /* 截图 */,
				8E6A94C01D02BFFC00990026 /* Assets.xcassets */,
				8ED4E6AF1CFF042900BA7A68 /* Info.plist */,
				8ED4E69F1CFF042900BA7A68 /* main.m */,
			);
			name = "Supporting Files";
			sourceTree = "<group>";
		};
		8ED4E6B71CFF042900BA7A68 /* SistersTests */ = {
			isa = PBXGroup;
			children = (
				8ED4E6B81CFF042900BA7A68 /* SistersTests.m */,
				8ED4E6BA1CFF042900BA7A68 /* Info.plist */,
			);
			path = SistersTests;
			sourceTree = "<group>";
		};
		8ED4E6C21CFF042900BA7A68 /* SistersUITests */ = {
			isa = PBXGroup;
			children = (
				8ED4E6C31CFF042900BA7A68 /* SistersUITests.m */,
				8ED4E6C51CFF042900BA7A68 /* Info.plist */,
			);
			path = SistersUITests;
			sourceTree = "<group>";
		};
		A21957013E6C2F92528A2BD3 /* Frameworks */ = {
			isa = PBXGroup;
			children = (
				8EF141651D05197B0057FF52 /* SystemConfiguration.framework */,
				37930DE084A26224BE0C0384 /* libPods-Sisters.a */,
			);
			name = Frameworks;
			sourceTree = "<group>";
		};
		DB6F03A5AD5D1FBE369A6402 /* Pods */ = {
			isa = PBXGroup;
			children = (
				9E5318D509C5996E318AA242 /* Pods-Sisters.debug.xcconfig */,
				1C706503FF9EE049686B18A0 /* Pods-Sisters.release.xcconfig */,
			);
			name = Pods;
			sourceTree = "<group>";
		};
/* End PBXGroup section */

/* Begin PBXNativeTarget section */
		8ED4E69A1CFF042900BA7A68 /* Sisters */ = {
			isa = PBXNativeTarget;
			buildConfigurationList = 8ED4E6C81CFF042900BA7A68 /* Build configuration list for PBXNativeTarget "Sisters" */;
			buildPhases = (
				C8F5F13294ED0CCE450DFAEE /* 📦 Check Pods Manifest.lock */,
				8ED4E6971CFF042900BA7A68 /* Sources */,
				8ED4E6981CFF042900BA7A68 /* Frameworks */,
				8ED4E6991CFF042900BA7A68 /* Resources */,
				1C000008FDB0F1D4752A391A /* 📦 Embed Pods Frameworks */,
				B25ABD17890CCD001EDCAC55 /* 📦 Copy Pods Resources */,
			);
			buildRules = (
			);
			dependencies = (
			);
			name = Sisters;
			productName = Sisters;
			productReference = 8ED4E69B1CFF042900BA7A68 /* Sisters.app */;
			productType = "com.apple.product-type.application";
		};
		8ED4E6B31CFF042900BA7A68 /* SistersTests */ = {
			isa = PBXNativeTarget;
			buildConfigurationList = 8ED4E6CB1CFF042900BA7A68 /* Build configuration list for PBXNativeTarget "SistersTests" */;
			buildPhases = (
				8ED4E6B01CFF042900BA7A68 /* Sources */,
				8ED4E6B11CFF042900BA7A68 /* Frameworks */,
				8ED4E6B21CFF042900BA7A68 /* Resources */,
			);
			buildRules = (
			);
			dependencies = (
				8ED4E6B61CFF042900BA7A68 /* PBXTargetDependency */,
			);
			name = SistersTests;
			productName = SistersTests;
			productReference = 8ED4E6B41CFF042900BA7A68 /* SistersTests.xctest */;
			productType = "com.apple.product-type.bundle.unit-test";
		};
		8ED4E6BE1CFF042900BA7A68 /* SistersUITests */ = {
			isa = PBXNativeTarget;
			buildConfigurationList = 8ED4E6CE1CFF042900BA7A68 /* Build configuration list for PBXNativeTarget "SistersUITests" */;
			buildPhases = (
				8ED4E6BB1CFF042900BA7A68 /* Sources */,
				8ED4E6BC1CFF042900BA7A68 /* Frameworks */,
				8ED4E6BD1CFF042900BA7A68 /* Resources */,
			);
			buildRules = (
			);
			dependencies = (
				8ED4E6C11CFF042900BA7A68 /* PBXTargetDependency */,
			);
			name = SistersUITests;
			productName = SistersUITests;
			productReference = 8ED4E6BF1CFF042900BA7A68 /* SistersUITests.xctest */;
			productType = "com.apple.product-type.bundle.ui-testing";
		};
/* End PBXNativeTarget section */

/* Begin PBXProject section */
		8ED4E6931CFF042900BA7A68 /* Project object */ = {
			isa = PBXProject;
			attributes = {
				CLASSPREFIX = ZY;
				LastUpgradeCheck = 0720;
				ORGANIZATIONNAME = ZhouYong;
				TargetAttributes = {
					8ED4E69A1CFF042900BA7A68 = {
						CreatedOnToolsVersion = 7.2;
						DevelopmentTeam = XXRZJ9B3W5;
					};
					8ED4E6B31CFF042900BA7A68 = {
						CreatedOnToolsVersion = 7.2;
						DevelopmentTeam = XXRZJ9B3W5;
						TestTargetID = 8ED4E69A1CFF042900BA7A68;
					};
					8ED4E6BE1CFF042900BA7A68 = {
						CreatedOnToolsVersion = 7.2;
						DevelopmentTeam = XXRZJ9B3W5;
						TestTargetID = 8ED4E69A1CFF042900BA7A68;
					};
				};
			};
			buildConfigurationList = 8ED4E6961CFF042900BA7A68 /* Build configuration list for PBXProject "Sisters" */;
			compatibilityVersion = "Xcode 3.2";
			developmentRegion = English;
			hasScannedForEncodings = 0;
			knownRegions = (
				en,
				Base,
			);
			mainGroup = 8ED4E6921CFF042900BA7A68;
			productRefGroup = 8ED4E69C1CFF042900BA7A68 /* Products */;
			projectDirPath = "";
			projectRoot = "";
			targets = (
				8ED4E69A1CFF042900BA7A68 /* Sisters */,
				8ED4E6B31CFF042900BA7A68 /* SistersTests */,
				8ED4E6BE1CFF042900BA7A68 /* SistersUITests */,
			);
		};
/* End PBXProject section */

/* Begin PBXResourcesBuildPhase section */
		8ED4E6991CFF042900BA7A68 /* Resources */ = {
			isa = PBXResourcesBuildPhase;
			buildActionMask = 2147483647;
			files = (
				8E6A94E81D031CFA00990026 /* 12.png in Resources */,
				8E6A94E61D031CFA00990026 /* 10.png in Resources */,
				8EF13C3D1D044A780057FF52 /* podFile in Resources */,
				8E6A94E31D031CFA00990026 /* 07.png in Resources */,
				8E6A94DE1D031CFA00990026 /* 02.png in Resources */,
				8E6A94E41D031CFA00990026 /* 08.png in Resources */,
				8E6A94CC1D031A1A00990026 /* ZYfriendTrendsViewController.xib in Resources */,
				8E6A94E71D031CFA00990026 /* 11.png in Resources */,
				8E6A94DC1D031CFA00990026 /* 00.png in Resources */,
				8E6A94DD1D031CFA00990026 /* 01.png in Resources */,
				8EF13C421D045FFF0057FF52 /* ZYRecommendViewController.xib in Resources */,
				8E6A94E21D031CFA00990026 /* 06.png in Resources */,
				8E6A94E01D031CFA00990026 /* 04.png in Resources */,
				8E0931641D0DA9F800598A51 /* ZYUserTableViewCell.xib in Resources */,
				8E6A94DF1D031CFA00990026 /* 03.png in Resources */,
				8E6A94E11D031CFA00990026 /* 05.png in Resources */,
				8E6A94E91D031CFA00990026 /* 13.png in Resources */,
				8E6A94E51D031CFA00990026 /* 09.png in Resources */,
				8E6A94C11D02BFFC00990026 /* Assets.xcassets in Resources */,
				8EC8E5241D06E311006F8339 /* ZYRecommandCategoryTableViewCell.xib in Resources */,
			);
			runOnlyForDeploymentPostprocessing = 0;
		};
		8ED4E6B21CFF042900BA7A68 /* Resources */ = {
			isa = PBXResourcesBuildPhase;
			buildActionMask = 2147483647;
			files = (
			);
			runOnlyForDeploymentPostprocessing = 0;
		};
		8ED4E6BD1CFF042900BA7A68 /* Resources */ = {
			isa = PBXResourcesBuildPhase;
			buildActionMask = 2147483647;
			files = (
			);
			runOnlyForDeploymentPostprocessing = 0;
		};
/* End PBXResourcesBuildPhase section */

/* Begin PBXShellScriptBuildPhase section */
		1C000008FDB0F1D4752A391A /* 📦 Embed Pods Frameworks */ = {
			isa = PBXShellScriptBuildPhase;
			buildActionMask = 2147483647;
			files = (
			);
			inputPaths = (
			);
			name = "📦 Embed Pods Frameworks";
			outputPaths = (
			);
			runOnlyForDeploymentPostprocessing = 0;
			shellPath = /bin/sh;
			shellScript = "\"${SRCROOT}/Pods/Target Support Files/Pods-Sisters/Pods-Sisters-frameworks.sh\"\n";
			showEnvVarsInLog = 0;
		};
		B25ABD17890CCD001EDCAC55 /* 📦 Copy Pods Resources */ = {
			isa = PBXShellScriptBuildPhase;
			buildActionMask = 2147483647;
			files = (
			);
			inputPaths = (
			);
			name = "📦 Copy Pods Resources";
			outputPaths = (
			);
			runOnlyForDeploymentPostprocessing = 0;
			shellPath = /bin/sh;
			shellScript = "\"${SRCROOT}/Pods/Target Support Files/Pods-Sisters/Pods-Sisters-resources.sh\"\n";
			showEnvVarsInLog = 0;
		};
		C8F5F13294ED0CCE450DFAEE /* 📦 Check Pods Manifest.lock */ = {
			isa = PBXShellScriptBuildPhase;
			buildActionMask = 2147483647;
			files = (
			);
			inputPaths = (
			);
			name = "📦 Check Pods Manifest.lock";
			outputPaths = (
			);
			runOnlyForDeploymentPostprocessing = 0;
			shellPath = /bin/sh;
			shellScript = "diff \"${PODS_ROOT}/../Podfile.lock\" \"${PODS_ROOT}/Manifest.lock\" > /dev/null\nif [[ $? != 0 ]] ; then\n    cat << EOM\nerror: The sandbox is not in sync with the Podfile.lock. Run 'pod install' or update your CocoaPods installation.\nEOM\n    exit 1\nfi\n";
			showEnvVarsInLog = 0;
		};
/* End PBXShellScriptBuildPhase section */

/* Begin PBXSourcesBuildPhase section */
		8ED4E6971CFF042900BA7A68 /* Sources */ = {
			isa = PBXSourcesBuildPhase;
			buildActionMask = 2147483647;
			files = (
				8E6A94C41D02C5C800990026 /* ZYPerson.m in Sources */,
				8E6A94BC1D02B44900990026 /* UIBarButtonItem+ZYExtension.m in Sources */,
				8EC8E5231D06E311006F8339 /* ZYRecommandCategoryTableViewCell.m in Sources */,
				8E0936E01D1236F400598A51 /* ZYRecommandUser.m in Sources */,
				8EF13C411D045FFF0057FF52 /* ZYRecommendViewController.m in Sources */,
				8E6A94C71D02D61100990026 /* ZYNavigationController.m in Sources */,
				8E6A94B71D02B44900990026 /* AppDelegate.m in Sources */,
				8E6A94BE1D02B44900990026 /* ZYTabBarController.m in Sources */,
				8E6A94BA1D02B44900990026 /* ZYmeViewController.m in Sources */,
				8EC8E51F1D06CE26006F8339 /* ZYRecommandCategory.m in Sources */,
				8ED4E6A01CFF042900BA7A68 /* main.m in Sources */,
				8E6A94B81D02B44900990026 /* ZYEssenceViewController.m in Sources */,
				8E0931631D0DA9F800598A51 /* ZYUserTableViewCell.m in Sources */,
				8E6A94BB1D02B44900990026 /* ZYNewViewController.m in Sources */,
				8E6A94BD1D02B44900990026 /* UIView+ZYExternsion.m in Sources */,
				8EF141711D0548D60057FF52 /* Foundation+Log.m in Sources */,
				8E6A94CA1D02F1DA00990026 /* ZYTestViewController.m in Sources */,
				8E6A94BF1D02B44900990026 /* ZYTabBar.m in Sources */,
				8E6A94B91D02B44900990026 /* ZYfriendTrendsViewController.m in Sources */,
			);
			runOnlyForDeploymentPostprocessing = 0;
		};
		8ED4E6B01CFF042900BA7A68 /* Sources */ = {
			isa = PBXSourcesBuildPhase;
			buildActionMask = 2147483647;
			files = (
				8ED4E6B91CFF042900BA7A68 /* SistersTests.m in Sources */,
			);
			runOnlyForDeploymentPostprocessing = 0;
		};
		8ED4E6BB1CFF042900BA7A68 /* Sources */ = {
			isa = PBXSourcesBuildPhase;
			buildActionMask = 2147483647;
			files = (
				8ED4E6C41CFF042900BA7A68 /* SistersUITests.m in Sources */,
			);
			runOnlyForDeploymentPostprocessing = 0;
		};
/* End PBXSourcesBuildPhase section */

/* Begin PBXTargetDependency section */
		8ED4E6B61CFF042900BA7A68 /* PBXTargetDependency */ = {
			isa = PBXTargetDependency;
			target = 8ED4E69A1CFF042900BA7A68 /* Sisters */;
			targetProxy = 8ED4E6B51CFF042900BA7A68 /* PBXContainerItemProxy */;
		};
		8ED4E6C11CFF042900BA7A68 /* PBXTargetDependency */ = {
			isa = PBXTargetDependency;
			target = 8ED4E69A1CFF042900BA7A68 /* Sisters */;
			targetProxy = 8ED4E6C01CFF042900BA7A68 /* PBXContainerItemProxy */;
		};
/* End PBXTargetDependency section */

/* Begin XCBuildConfiguration section */
		8ED4E6C61CFF042900BA7A68 /* Debug */ = {
			isa = XCBuildConfiguration;
			buildSettings = {
				ALWAYS_SEARCH_USER_PATHS = NO;
				CLANG_CXX_LANGUAGE_STANDARD = "gnu++0x";
				CLANG_CXX_LIBRARY = "libc++";
				CLANG_ENABLE_MODULES = YES;
				CLANG_ENABLE_OBJC_ARC = YES;
				CLANG_WARN_BOOL_CONVERSION = YES;
				CLANG_WARN_CONSTANT_CONVERSION = YES;
				CLANG_WARN_DIRECT_OBJC_ISA_USAGE = YES_ERROR;
				CLANG_WARN_EMPTY_BODY = YES;
				CLANG_WARN_ENUM_CONVERSION = YES;
				CLANG_WARN_INT_CONVERSION = YES;
				CLANG_WARN_OBJC_ROOT_CLASS = YES_ERROR;
				CLANG_WARN_UNREACHABLE_CODE = YES;
				CLANG_WARN__DUPLICATE_METHOD_MATCH = YES;
				"CODE_SIGN_IDENTITY[sdk=iphoneos*]" = "iPhone Developer";
				COPY_PHASE_STRIP = NO;
				DEBUG_INFORMATION_FORMAT = dwarf;
				ENABLE_STRICT_OBJC_MSGSEND = YES;
				ENABLE_TESTABILITY = YES;
				GCC_C_LANGUAGE_STANDARD = gnu99;
				GCC_DYNAMIC_NO_PIC = NO;
				GCC_NO_COMMON_BLOCKS = YES;
				GCC_OPTIMIZATION_LEVEL = 0;
				GCC_PREFIX_HEADER = Sisters/PrefixHeaderVIew.pch;
				GCC_PREPROCESSOR_DEFINITIONS = (
					"DEBUG=1",
					"$(inherited)",
				);
				GCC_WARN_64_TO_32_BIT_CONVERSION = YES;
				GCC_WARN_ABOUT_RETURN_TYPE = YES_ERROR;
				GCC_WARN_UNDECLARED_SELECTOR = YES;
				GCC_WARN_UNINITIALIZED_AUTOS = YES_AGGRESSIVE;
				GCC_WARN_UNUSED_FUNCTION = YES;
				GCC_WARN_UNUSED_VARIABLE = YES;
				IPHONEOS_DEPLOYMENT_TARGET = 9.2;
				MTL_ENABLE_DEBUG_INFO = YES;
				ONLY_ACTIVE_ARCH = YES;
				SDKROOT = iphoneos;
			};
			name = Debug;
		};
		8ED4E6C71CFF042900BA7A68 /* Release */ = {
			isa = XCBuildConfiguration;
			buildSettings = {
				ALWAYS_SEARCH_USER_PATHS = NO;
				CLANG_CXX_LANGUAGE_STANDARD = "gnu++0x";
				CLANG_CXX_LIBRARY = "libc++";
				CLANG_ENABLE_MODULES = YES;
				CLANG_ENABLE_OBJC_ARC = YES;
				CLANG_WARN_BOOL_CONVERSION = YES;
				CLANG_WARN_CONSTANT_CONVERSION = YES;
				CLANG_WARN_DIRECT_OBJC_ISA_USAGE = YES_ERROR;
				CLANG_WARN_EMPTY_BODY = YES;
				CLANG_WARN_ENUM_CONVERSION = YES;
				CLANG_WARN_INT_CONVERSION = YES;
				CLANG_WARN_OBJC_ROOT_CLASS = YES_ERROR;
				CLANG_WARN_UNREACHABLE_CODE = YES;
				CLANG_WARN__DUPLICATE_METHOD_MATCH = YES;
				"CODE_SIGN_IDENTITY[sdk=iphoneos*]" = "iPhone Developer";
				COPY_PHASE_STRIP = NO;
				DEBUG_INFORMATION_FORMAT = "dwarf-with-dsym";
				ENABLE_NS_ASSERTIONS = NO;
				ENABLE_STRICT_OBJC_MSGSEND = YES;
				GCC_C_LANGUAGE_STANDARD = gnu99;
				GCC_NO_COMMON_BLOCKS = YES;
				GCC_PREFIX_HEADER = Sisters/PrefixHeaderVIew.pch;
				GCC_WARN_64_TO_32_BIT_CONVERSION = YES;
				GCC_WARN_ABOUT_RETURN_TYPE = YES_ERROR;
				GCC_WARN_UNDECLARED_SELECTOR = YES;
				GCC_WARN_UNINITIALIZED_AUTOS = YES_AGGRESSIVE;
				GCC_WARN_UNUSED_FUNCTION = YES;
				GCC_WARN_UNUSED_VARIABLE = YES;
				IPHONEOS_DEPLOYMENT_TARGET = 9.2;
				MTL_ENABLE_DEBUG_INFO = NO;
				SDKROOT = iphoneos;
				VALIDATE_PRODUCT = YES;
			};
			name = Release;
		};
		8ED4E6C91CFF042900BA7A68 /* Debug */ = {
			isa = XCBuildConfiguration;
			baseConfigurationReference = 9E5318D509C5996E318AA242 /* Pods-Sisters.debug.xcconfig */;
			buildSettings = {
				ASSETCATALOG_COMPILER_APPICON_NAME = AppIcon;
				ASSETCATALOG_COMPILER_LAUNCHIMAGE_NAME = "Brand Assets";
				INFOPLIST_FILE = Sisters/Info.plist;
				LD_RUNPATH_SEARCH_PATHS = "$(inherited) @executable_path/Frameworks";
				PRODUCT_BUNDLE_IDENTIFIER = "User-Interface-Product.Sisters";
				PRODUCT_NAME = "$(TARGET_NAME)";
			};
			name = Debug;
		};
		8ED4E6CA1CFF042900BA7A68 /* Release */ = {
			isa = XCBuildConfiguration;
			baseConfigurationReference = 1C706503FF9EE049686B18A0 /* Pods-Sisters.release.xcconfig */;
			buildSettings = {
				ASSETCATALOG_COMPILER_APPICON_NAME = AppIcon;
				ASSETCATALOG_COMPILER_LAUNCHIMAGE_NAME = "Brand Assets";
				INFOPLIST_FILE = Sisters/Info.plist;
				LD_RUNPATH_SEARCH_PATHS = "$(inherited) @executable_path/Frameworks";
				PRODUCT_BUNDLE_IDENTIFIER = "User-Interface-Product.Sisters";
				PRODUCT_NAME = "$(TARGET_NAME)";
			};
			name = Release;
		};
		8ED4E6CC1CFF042900BA7A68 /* Debug */ = {
			isa = XCBuildConfiguration;
			buildSettings = {
				BUNDLE_LOADER = "$(TEST_HOST)";
				INFOPLIST_FILE = SistersTests/Info.plist;
				LD_RUNPATH_SEARCH_PATHS = "$(inherited) @executable_path/Frameworks @loader_path/Frameworks";
				PRODUCT_BUNDLE_IDENTIFIER = "User-Interface-Product.SistersTests";
				PRODUCT_NAME = "$(TARGET_NAME)";
				TEST_HOST = "$(BUILT_PRODUCTS_DIR)/Sisters.app/Sisters";
			};
			name = Debug;
		};
		8ED4E6CD1CFF042900BA7A68 /* Release */ = {
			isa = XCBuildConfiguration;
			buildSettings = {
				BUNDLE_LOADER = "$(TEST_HOST)";
				INFOPLIST_FILE = SistersTests/Info.plist;
				LD_RUNPATH_SEARCH_PATHS = "$(inherited) @executable_path/Frameworks @loader_path/Frameworks";
				PRODUCT_BUNDLE_IDENTIFIER = "User-Interface-Product.SistersTests";
				PRODUCT_NAME = "$(TARGET_NAME)";
				TEST_HOST = "$(BUILT_PRODUCTS_DIR)/Sisters.app/Sisters";
			};
			name = Release;
		};
		8ED4E6CF1CFF042900BA7A68 /* Debug */ = {
			isa = XCBuildConfiguration;
			buildSettings = {
				INFOPLIST_FILE = SistersUITests/Info.plist;
				LD_RUNPATH_SEARCH_PATHS = "$(inherited) @executable_path/Frameworks @loader_path/Frameworks";
				PRODUCT_BUNDLE_IDENTIFIER = "User-Interface-Product.SistersUITests";
				PRODUCT_NAME = "$(TARGET_NAME)";
				TEST_TARGET_NAME = Sisters;
				USES_XCTRUNNER = YES;
			};
			name = Debug;
		};
		8ED4E6D01CFF042900BA7A68 /* Release */ = {
			isa = XCBuildConfiguration;
			buildSettings = {
				INFOPLIST_FILE = SistersUITests/Info.plist;
				LD_RUNPATH_SEARCH_PATHS = "$(inherited) @executable_path/Frameworks @loader_path/Frameworks";
				PRODUCT_BUNDLE_IDENTIFIER = "User-Interface-Product.SistersUITests";
				PRODUCT_NAME = "$(TARGET_NAME)";
				TEST_TARGET_NAME = Sisters;
				USES_XCTRUNNER = YES;
			};
			name = Release;
		};
/* End XCBuildConfiguration section */

/* Begin XCConfigurationList section */
		8ED4E6961CFF042900BA7A68 /* Build configuration list for PBXProject "Sisters" */ = {
			isa = XCConfigurationList;
			buildConfigurations = (
				8ED4E6C61CFF042900BA7A68 /* Debug */,
				8ED4E6C71CFF042900BA7A68 /* Release */,
			);
			defaultConfigurationIsVisible = 0;
			defaultConfigurationName = Release;
		};
		8ED4E6C81CFF042900BA7A68 /* Build configuration list for PBXNativeTarget "Sisters" */ = {
			isa = XCConfigurationList;
			buildConfigurations = (
				8ED4E6C91CFF042900BA7A68 /* Debug */,
				8ED4E6CA1CFF042900BA7A68 /* Release */,
			);
			defaultConfigurationIsVisible = 0;
			defaultConfigurationName = Release;
		};
		8ED4E6CB1CFF042900BA7A68 /* Build configuration list for PBXNativeTarget "SistersTests" */ = {
			isa = XCConfigurationList;
			buildConfigurations = (
				8ED4E6CC1CFF042900BA7A68 /* Debug */,
				8ED4E6CD1CFF042900BA7A68 /* Release */,
			);
			defaultConfigurationIsVisible = 0;
			defaultConfigurationName = Release;
		};
		8ED4E6CE1CFF042900BA7A68 /* Build configuration list for PBXNativeTarget "SistersUITests" */ = {
			isa = XCConfigurationList;
			buildConfigurations = (
				8ED4E6CF1CFF042900BA7A68 /* Debug */,
				8ED4E6D01CFF042900BA7A68 /* Release */,
			);
			defaultConfigurationIsVisible = 0;
			defaultConfigurationName = Release;
		};
/* End XCConfigurationList section */
	};
	rootObject = 8ED4E6931CFF042900BA7A68 /* Project object */;
}
